// !$*UTF8*$!
{
	archiveVersion = 1;
	classes = {
	};
	objectVersion = 56;
	objects = {

/* Begin PBXBuildFile section */
		165EF5637B26B1BFD3E94464 /* Pods_DocuPulse.framework in Frameworks */ = {isa = PBXBuildFile; fileRef = 4892F0C4D9885958D24EED1E /* Pods_DocuPulse.framework */; };
		32045C922AAE3D0B00C433DF /* Purchases.swift in Sources */ = {isa = PBXBuildFile; fileRef = 32045C912AAE3D0B00C433DF /* Purchases.swift */; };
		32045C942AAEBB0600C433DF /* PayWallView.swift in Sources */ = {isa = PBXBuildFile; fileRef = 32045C932AAEBB0600C433DF /* PayWallView.swift */; };
		32045C962AAEDE1300C433DF /* Main.storyboard in Resources */ = {isa = PBXBuildFile; fileRef = 32045C952AAEDE1300C433DF /* Main.storyboard */; };
		32045C992AAEDEC400C433DF /* PremiumPayWallViewController.swift in Sources */ = {isa = PBXBuildFile; fileRef = 32045C982AAEDEC400C433DF /* PremiumPayWallViewController.swift */; };
		3211211C2A8D279000320669 /* PaymentMethod.swift in Sources */ = {isa = PBXBuildFile; fileRef = 3211211B2A8D279000320669 /* PaymentMethod.swift */; };
		3212FA0D2A73966B00289ECD /* FilesView.swift in Sources */ = {isa = PBXBuildFile; fileRef = 3212FA0C2A73966B00289ECD /* FilesView.swift */; };
		3212FA0F2A739EE500289ECD /* SubscriptionsView.swift in Sources */ = {isa = PBXBuildFile; fileRef = 3212FA0E2A739EE500289ECD /* SubscriptionsView.swift */; };
		3212FA112A739F6200289ECD /* SubscriptionCard.swift in Sources */ = {isa = PBXBuildFile; fileRef = 3212FA102A739F6200289ECD /* SubscriptionCard.swift */; };
		3212FA132A758B1500289ECD /* SubscriptionFeatureItem.swift in Sources */ = {isa = PBXBuildFile; fileRef = 3212FA122A758B1500289ECD /* SubscriptionFeatureItem.swift */; };
		3212FA152A76F5F400289ECD /* SubscriptionCardViewModel.swift in Sources */ = {isa = PBXBuildFile; fileRef = 3212FA142A76F5F400289ECD /* SubscriptionCardViewModel.swift */; };
		3212FA172A76F98600289ECD /* Subscription.swift in Sources */ = {isa = PBXBuildFile; fileRef = 3212FA162A76F98600289ECD /* Subscription.swift */; };
		3245C7322AA4579700479CD8 /* AdBannerView.swift in Sources */ = {isa = PBXBuildFile; fileRef = 3245C7312AA4579700479CD8 /* AdBannerView.swift */; };
		3245C7382AA646B800479CD8 /* DocumentSaver.swift in Sources */ = {isa = PBXBuildFile; fileRef = 3245C7372AA646B800479CD8 /* DocumentSaver.swift */; };
		3245C73B2AA658EB00479CD8 /* FullScreenAd.swift in Sources */ = {isa = PBXBuildFile; fileRef = 3245C73A2AA658EB00479CD8 /* FullScreenAd.swift */; };
		324E84742B1016BC00F365C6 /* GoogleService-Info.plist in Resources */ = {isa = PBXBuildFile; fileRef = 324E84732B1016BC00F365C6 /* GoogleService-Info.plist */; };
		324E84762B10577B00F365C6 /* CurrentUser.swift in Sources */ = {isa = PBXBuildFile; fileRef = 324E84752B10577B00F365C6 /* CurrentUser.swift */; };
		3257021F2A7EC37D00DD742F /* Preview Assets.xcassets in Resources */ = {isa = PBXBuildFile; fileRef = 329809A82A64DDF3008736BB /* Preview Assets.xcassets */; };
		325D8E422A7EB8010048C867 /* Colors.swift in Sources */ = {isa = PBXBuildFile; fileRef = 325D8E412A7EB8010048C867 /* Colors.swift */; };
		3263D3772A70E3360045C857 /* DocumentOptionsCell.swift in Sources */ = {isa = PBXBuildFile; fileRef = 3263D3762A70E3360045C857 /* DocumentOptionsCell.swift */; };
		3263D3792A724CBB0045C857 /* HomeViewCell.swift in Sources */ = {isa = PBXBuildFile; fileRef = 3263D3782A724CBB0045C857 /* HomeViewCell.swift */; };
		3263D37B2A724F6B0045C857 /* DocumentScannerView.swift in Sources */ = {isa = PBXBuildFile; fileRef = 3263D37A2A724F6B0045C857 /* DocumentScannerView.swift */; };
		329809A22A64DDF1008736BB /* DocuPulseApp.swift in Sources */ = {isa = PBXBuildFile; fileRef = 329809A12A64DDF1008736BB /* DocuPulseApp.swift */; };
		329809A62A64DDF3008736BB /* Assets.xcassets in Resources */ = {isa = PBXBuildFile; fileRef = 329809A52A64DDF3008736BB /* Assets.xcassets */; };
		329809B42A65EDE5008736BB /* OnboardingPageView.swift in Sources */ = {isa = PBXBuildFile; fileRef = 329809B32A65EDE5008736BB /* OnboardingPageView.swift */; };
		32980A9D2A70406D006F3EAF /* DocumentCell.swift in Sources */ = {isa = PBXBuildFile; fileRef = 32980A9C2A70406D006F3EAF /* DocumentCell.swift */; };
		32980A9F2A704122006F3EAF /* Document.swift in Sources */ = {isa = PBXBuildFile; fileRef = 32980A9E2A704122006F3EAF /* Document.swift */; };
		329EA5FA2AEAAEE40030F628 /* DocumentScannerViewModel.swift in Sources */ = {isa = PBXBuildFile; fileRef = 329EA5F92AEAAEE40030F628 /* DocumentScannerViewModel.swift */; };
		329F3AF62A6673CF00AE107D /* Launch Screen.storyboard in Resources */ = {isa = PBXBuildFile; fileRef = 329F3AF52A6673CF00AE107D /* Launch Screen.storyboard */; };
		32EC0C622AB65BD100BCBE6F /* PurchasesViewModel.swift in Sources */ = {isa = PBXBuildFile; fileRef = 32EC0C612AB65BD100BCBE6F /* PurchasesViewModel.swift */; };
		32FD8D7A2A6F8130004A1618 /* RecentFilesView.swift in Sources */ = {isa = PBXBuildFile; fileRef = 32FD8D792A6F8130004A1618 /* RecentFilesView.swift */; };
		32FD8D7E2A6F8199004A1618 /* RecentFilesViewModel.swift in Sources */ = {isa = PBXBuildFile; fileRef = 32FD8D7D2A6F8199004A1618 /* RecentFilesViewModel.swift */; };
		32FD8D802A6F894E004A1618 /* ShareView.swift in Sources */ = {isa = PBXBuildFile; fileRef = 32FD8D7F2A6F894E004A1618 /* ShareView.swift */; };
		32FD8D822A6F8960004A1618 /* MoreOptionsView.swift in Sources */ = {isa = PBXBuildFile; fileRef = 32FD8D812A6F8960004A1618 /* MoreOptionsView.swift */; };
		BB0CE4132ACA3EB6002CE6E6 /* DocuPulse.storekit in Resources */ = {isa = PBXBuildFile; fileRef = BB0CE4122ACA3EB6002CE6E6 /* DocuPulse.storekit */; };
		BB0CE4152ACBB133002CE6E6 /* UserDefaultsManager.swift in Sources */ = {isa = PBXBuildFile; fileRef = BB0CE4142ACBB133002CE6E6 /* UserDefaultsManager.swift */; };
		BB4866B42B2A820400FFE121 /* HomeViewModel.swift in Sources */ = {isa = PBXBuildFile; fileRef = BB4866B32B2A820400FFE121 /* HomeViewModel.swift */; };
		BB7E4ED52A67139C0087BA91 /* OnboardingPage.swift in Sources */ = {isa = PBXBuildFile; fileRef = BB7E4ED42A67139C0087BA91 /* OnboardingPage.swift */; };
		BB7E4EDB2A67254A0087BA91 /* OnboardingPageViewController.swift in Sources */ = {isa = PBXBuildFile; fileRef = BB7E4EDA2A67254A0087BA91 /* OnboardingPageViewController.swift */; };
		BB7E4EDD2A67282C0087BA91 /* OnboardingPageViewModel.swift in Sources */ = {isa = PBXBuildFile; fileRef = BB7E4EDC2A67282C0087BA91 /* OnboardingPageViewModel.swift */; };
		BB7E4EE02A674CA40087BA91 /* MainTabView.swift in Sources */ = {isa = PBXBuildFile; fileRef = BB7E4EDF2A674CA40087BA91 /* MainTabView.swift */; };
		BB7E4EE52A674FB80087BA91 /* HomeView.swift in Sources */ = {isa = PBXBuildFile; fileRef = BB7E4EE42A674FB80087BA91 /* HomeView.swift */; };
		BB7E76A72B140AAA00344190 /* AccountView.swift in Sources */ = {isa = PBXBuildFile; fileRef = BB7E76A62B140AAA00344190 /* AccountView.swift */; };
		BB7E76A92B1682CD00344190 /* MainView.swift in Sources */ = {isa = PBXBuildFile; fileRef = BB7E76A82B1682CD00344190 /* MainView.swift */; };
		BB7E76AB2B1A9A1800344190 /* ForgotPasswordView.swift in Sources */ = {isa = PBXBuildFile; fileRef = BB7E76AA2B1A9A1800344190 /* ForgotPasswordView.swift */; };
		BB7E76AE2B21040300344190 /* DocumentMetadataView.swift in Sources */ = {isa = PBXBuildFile; fileRef = BB7E76AD2B21040200344190 /* DocumentMetadataView.swift */; };
		BB7E76B02B2143C300344190 /* DocumentMetadataViewModel.swift in Sources */ = {isa = PBXBuildFile; fileRef = BB7E76AF2B2143C300344190 /* DocumentMetadataViewModel.swift */; };
		BBCA3C1B2B01A14C00044F95 /* FirebaseAnalytics in Frameworks */ = {isa = PBXBuildFile; productRef = BBCA3C1A2B01A14C00044F95 /* FirebaseAnalytics */; };
		BBCA3C1D2B01A14C00044F95 /* FirebaseAnalyticsOnDeviceConversion in Frameworks */ = {isa = PBXBuildFile; productRef = BBCA3C1C2B01A14C00044F95 /* FirebaseAnalyticsOnDeviceConversion */; };
		BBCA3C1F2B01A14C00044F95 /* FirebaseAnalyticsSwift in Frameworks */ = {isa = PBXBuildFile; productRef = BBCA3C1E2B01A14C00044F95 /* FirebaseAnalyticsSwift */; };
		BBCA3C212B01A14C00044F95 /* FirebaseAnalyticsWithoutAdIdSupport in Frameworks */ = {isa = PBXBuildFile; productRef = BBCA3C202B01A14C00044F95 /* FirebaseAnalyticsWithoutAdIdSupport */; };
		BBCA3C232B01A14C00044F95 /* FirebaseAppCheck in Frameworks */ = {isa = PBXBuildFile; productRef = BBCA3C222B01A14C00044F95 /* FirebaseAppCheck */; };
		BBCA3C252B01A14C00044F95 /* FirebaseAppDistribution-Beta in Frameworks */ = {isa = PBXBuildFile; productRef = BBCA3C242B01A14C00044F95 /* FirebaseAppDistribution-Beta */; };
		BBCA3C272B01A14C00044F95 /* FirebaseAuth in Frameworks */ = {isa = PBXBuildFile; productRef = BBCA3C262B01A14C00044F95 /* FirebaseAuth */; };
		BBCA3C292B01A14C00044F95 /* FirebaseAuthCombine-Community in Frameworks */ = {isa = PBXBuildFile; productRef = BBCA3C282B01A14C00044F95 /* FirebaseAuthCombine-Community */; };
		BBCA3C2B2B01A14C00044F95 /* FirebaseCrashlytics in Frameworks */ = {isa = PBXBuildFile; productRef = BBCA3C2A2B01A14C00044F95 /* FirebaseCrashlytics */; };
		BBCA3C2D2B01A14C00044F95 /* FirebaseDatabase in Frameworks */ = {isa = PBXBuildFile; productRef = BBCA3C2C2B01A14C00044F95 /* FirebaseDatabase */; };
		BBCA3C2F2B01A14C00044F95 /* FirebaseDatabaseSwift in Frameworks */ = {isa = PBXBuildFile; productRef = BBCA3C2E2B01A14C00044F95 /* FirebaseDatabaseSwift */; };
		BBCA3C312B01A14C00044F95 /* FirebaseDynamicLinks in Frameworks */ = {isa = PBXBuildFile; productRef = BBCA3C302B01A14C00044F95 /* FirebaseDynamicLinks */; };
		BBCA3C332B01A14C00044F95 /* FirebaseFirestore in Frameworks */ = {isa = PBXBuildFile; productRef = BBCA3C322B01A14C00044F95 /* FirebaseFirestore */; };
		BBCA3C352B01A14C00044F95 /* FirebaseFirestoreCombine-Community in Frameworks */ = {isa = PBXBuildFile; productRef = BBCA3C342B01A14C00044F95 /* FirebaseFirestoreCombine-Community */; };
		BBCA3C372B01A14C00044F95 /* FirebaseFirestoreSwift in Frameworks */ = {isa = PBXBuildFile; productRef = BBCA3C362B01A14C00044F95 /* FirebaseFirestoreSwift */; };
		BBCA3C392B01A14C00044F95 /* FirebaseFunctions in Frameworks */ = {isa = PBXBuildFile; productRef = BBCA3C382B01A14C00044F95 /* FirebaseFunctions */; };
		BBCA3C3B2B01A14C00044F95 /* FirebaseFunctionsCombine-Community in Frameworks */ = {isa = PBXBuildFile; productRef = BBCA3C3A2B01A14C00044F95 /* FirebaseFunctionsCombine-Community */; };
		BBCA3C3D2B01A14C00044F95 /* FirebaseInAppMessaging-Beta in Frameworks */ = {isa = PBXBuildFile; productRef = BBCA3C3C2B01A14C00044F95 /* FirebaseInAppMessaging-Beta */; };
		BBCA3C3F2B01A14C00044F95 /* FirebaseInAppMessagingSwift-Beta in Frameworks */ = {isa = PBXBuildFile; productRef = BBCA3C3E2B01A14C00044F95 /* FirebaseInAppMessagingSwift-Beta */; };
		BBCA3C412B01A14C00044F95 /* FirebaseInstallations in Frameworks */ = {isa = PBXBuildFile; productRef = BBCA3C402B01A14C00044F95 /* FirebaseInstallations */; };
		BBCA3C432B01A14C00044F95 /* FirebaseMLModelDownloader in Frameworks */ = {isa = PBXBuildFile; productRef = BBCA3C422B01A14C00044F95 /* FirebaseMLModelDownloader */; };
		BBCA3C452B01A14C00044F95 /* FirebaseMessaging in Frameworks */ = {isa = PBXBuildFile; productRef = BBCA3C442B01A14C00044F95 /* FirebaseMessaging */; };
		BBCA3C472B01A14C00044F95 /* FirebasePerformance in Frameworks */ = {isa = PBXBuildFile; productRef = BBCA3C462B01A14C00044F95 /* FirebasePerformance */; };
		BBCA3C492B01A14C00044F95 /* FirebaseRemoteConfig in Frameworks */ = {isa = PBXBuildFile; productRef = BBCA3C482B01A14C00044F95 /* FirebaseRemoteConfig */; };
		BBCA3C4B2B01A14C00044F95 /* FirebaseRemoteConfigSwift in Frameworks */ = {isa = PBXBuildFile; productRef = BBCA3C4A2B01A14C00044F95 /* FirebaseRemoteConfigSwift */; };
		BBCA3C4D2B01A14C00044F95 /* FirebaseStorage in Frameworks */ = {isa = PBXBuildFile; productRef = BBCA3C4C2B01A14C00044F95 /* FirebaseStorage */; };
		BBCA3C4F2B01A14C00044F95 /* FirebaseStorageCombine-Community in Frameworks */ = {isa = PBXBuildFile; productRef = BBCA3C4E2B01A14C00044F95 /* FirebaseStorageCombine-Community */; };
		BBCA3C522B058B1900044F95 /* Realm in Frameworks */ = {isa = PBXBuildFile; productRef = BBCA3C512B058B1900044F95 /* Realm */; };
		BBCA3C542B058B1900044F95 /* RealmSwift in Frameworks */ = {isa = PBXBuildFile; productRef = BBCA3C532B058B1900044F95 /* RealmSwift */; };
		BBCA3C572B058EC800044F95 /* RealmDBWrapper.swift in Sources */ = {isa = PBXBuildFile; fileRef = BBCA3C562B058EC800044F95 /* RealmDBWrapper.swift */; };
		BBCA3C592B058F3D00044F95 /* FirestoreDBWrapper.swift in Sources */ = {isa = PBXBuildFile; fileRef = BBCA3C582B058F3D00044F95 /* FirestoreDBWrapper.swift */; };
		BBCA3C5D2B0AD51C00044F95 /* FirebaseStorageWrapper.swift in Sources */ = {isa = PBXBuildFile; fileRef = BBCA3C5C2B0AD51C00044F95 /* FirebaseStorageWrapper.swift */; };
		BBCA3C5F2B0AEC7F00044F95 /* SignUpView.swift in Sources */ = {isa = PBXBuildFile; fileRef = BBCA3C5E2B0AEC7F00044F95 /* SignUpView.swift */; };
		BBCA3C612B0D403C00044F95 /* UnderlinedTextView.swift in Sources */ = {isa = PBXBuildFile; fileRef = BBCA3C602B0D403C00044F95 /* UnderlinedTextView.swift */; };
		BBCA3C652B0E9ECF00044F95 /* AuthenticationViewModel.swift in Sources */ = {isa = PBXBuildFile; fileRef = BBCA3C642B0E9ECF00044F95 /* AuthenticationViewModel.swift */; };
		BBCA3C672B129A3000044F95 /* WelcomeView.swift in Sources */ = {isa = PBXBuildFile; fileRef = BBCA3C662B129A2F00044F95 /* WelcomeView.swift */; };
		BBCA3C692B12A0CE00044F95 /* AuthenticationThirdPartyButton.swift in Sources */ = {isa = PBXBuildFile; fileRef = BBCA3C682B12A0CE00044F95 /* AuthenticationThirdPartyButton.swift */; };
		BBCA3C6D2B12F76A00044F95 /* SignInView.swift in Sources */ = {isa = PBXBuildFile; fileRef = BBCA3C6C2B12F76900044F95 /* SignInView.swift */; };
		BBD5AA112A8031BC00BBF85D /* SelectPaymentMethodView.swift in Sources */ = {isa = PBXBuildFile; fileRef = BBD5AA102A8031BC00BBF85D /* SelectPaymentMethodView.swift */; };
		BBD5AA152A8AD10A00BBF85D /* SelectPaymentMethodViewModel.swift in Sources */ = {isa = PBXBuildFile; fileRef = BBD5AA142A8AD10A00BBF85D /* SelectPaymentMethodViewModel.swift */; };
/* End PBXBuildFile section */

/* Begin PBXFileReference section */
		22E128841AC9552DFA533A72 /* Pods-DocuPulse.release.xcconfig */ = {isa = PBXFileReference; includeInIndex = 1; lastKnownFileType = text.xcconfig; name = "Pods-DocuPulse.release.xcconfig"; path = "Target Support Files/Pods-DocuPulse/Pods-DocuPulse.release.xcconfig"; sourceTree = "<group>"; };
		32045C912AAE3D0B00C433DF /* Purchases.swift */ = {isa = PBXFileReference; lastKnownFileType = sourcecode.swift; path = Purchases.swift; sourceTree = "<group>"; };
		32045C932AAEBB0600C433DF /* PayWallView.swift */ = {isa = PBXFileReference; lastKnownFileType = sourcecode.swift; path = PayWallView.swift; sourceTree = "<group>"; };
		32045C952AAEDE1300C433DF /* Main.storyboard */ = {isa = PBXFileReference; lastKnownFileType = file.storyboard; path = Main.storyboard; sourceTree = "<group>"; };
		32045C982AAEDEC400C433DF /* PremiumPayWallViewController.swift */ = {isa = PBXFileReference; lastKnownFileType = sourcecode.swift; path = PremiumPayWallViewController.swift; sourceTree = "<group>"; };
		3211211B2A8D279000320669 /* PaymentMethod.swift */ = {isa = PBXFileReference; lastKnownFileType = sourcecode.swift; path = PaymentMethod.swift; sourceTree = "<group>"; };
		3212FA0C2A73966B00289ECD /* FilesView.swift */ = {isa = PBXFileReference; lastKnownFileType = sourcecode.swift; path = FilesView.swift; sourceTree = "<group>"; };
		3212FA0E2A739EE500289ECD /* SubscriptionsView.swift */ = {isa = PBXFileReference; lastKnownFileType = sourcecode.swift; path = SubscriptionsView.swift; sourceTree = "<group>"; };
		3212FA102A739F6200289ECD /* SubscriptionCard.swift */ = {isa = PBXFileReference; lastKnownFileType = sourcecode.swift; path = SubscriptionCard.swift; sourceTree = "<group>"; };
		3212FA122A758B1500289ECD /* SubscriptionFeatureItem.swift */ = {isa = PBXFileReference; lastKnownFileType = sourcecode.swift; path = SubscriptionFeatureItem.swift; sourceTree = "<group>"; };
		3212FA142A76F5F400289ECD /* SubscriptionCardViewModel.swift */ = {isa = PBXFileReference; lastKnownFileType = sourcecode.swift; path = SubscriptionCardViewModel.swift; sourceTree = "<group>"; };
		3212FA162A76F98600289ECD /* Subscription.swift */ = {isa = PBXFileReference; lastKnownFileType = sourcecode.swift; path = Subscription.swift; sourceTree = "<group>"; };
		3245C7312AA4579700479CD8 /* AdBannerView.swift */ = {isa = PBXFileReference; lastKnownFileType = sourcecode.swift; path = AdBannerView.swift; sourceTree = "<group>"; };
		3245C7372AA646B800479CD8 /* DocumentSaver.swift */ = {isa = PBXFileReference; lastKnownFileType = sourcecode.swift; path = DocumentSaver.swift; sourceTree = "<group>"; };
		3245C73A2AA658EB00479CD8 /* FullScreenAd.swift */ = {isa = PBXFileReference; lastKnownFileType = sourcecode.swift; path = FullScreenAd.swift; sourceTree = "<group>"; };
		324E84732B1016BC00F365C6 /* GoogleService-Info.plist */ = {isa = PBXFileReference; fileEncoding = 4; lastKnownFileType = text.plist.xml; path = "GoogleService-Info.plist"; sourceTree = "<group>"; };
		324E84752B10577B00F365C6 /* CurrentUser.swift */ = {isa = PBXFileReference; lastKnownFileType = sourcecode.swift; path = CurrentUser.swift; sourceTree = "<group>"; };
		325D8E412A7EB8010048C867 /* Colors.swift */ = {isa = PBXFileReference; lastKnownFileType = sourcecode.swift; path = Colors.swift; sourceTree = "<group>"; };
		3263D3762A70E3360045C857 /* DocumentOptionsCell.swift */ = {isa = PBXFileReference; lastKnownFileType = sourcecode.swift; path = DocumentOptionsCell.swift; sourceTree = "<group>"; };
		3263D3782A724CBB0045C857 /* HomeViewCell.swift */ = {isa = PBXFileReference; lastKnownFileType = sourcecode.swift; path = HomeViewCell.swift; sourceTree = "<group>"; };
		3263D37A2A724F6B0045C857 /* DocumentScannerView.swift */ = {isa = PBXFileReference; lastKnownFileType = sourcecode.swift; path = DocumentScannerView.swift; sourceTree = "<group>"; };
		3298099E2A64DDF1008736BB /* DocuPulse.app */ = {isa = PBXFileReference; explicitFileType = wrapper.application; includeInIndex = 0; path = DocuPulse.app; sourceTree = BUILT_PRODUCTS_DIR; };
		329809A12A64DDF1008736BB /* DocuPulseApp.swift */ = {isa = PBXFileReference; lastKnownFileType = sourcecode.swift; path = DocuPulseApp.swift; sourceTree = "<group>"; };
		329809A52A64DDF3008736BB /* Assets.xcassets */ = {isa = PBXFileReference; lastKnownFileType = folder.assetcatalog; path = Assets.xcassets; sourceTree = "<group>"; };
		329809A82A64DDF3008736BB /* Preview Assets.xcassets */ = {isa = PBXFileReference; lastKnownFileType = folder.assetcatalog; path = "Preview Assets.xcassets"; sourceTree = "<group>"; };
		329809B32A65EDE5008736BB /* OnboardingPageView.swift */ = {isa = PBXFileReference; lastKnownFileType = sourcecode.swift; path = OnboardingPageView.swift; sourceTree = "<group>"; };
		32980A9C2A70406D006F3EAF /* DocumentCell.swift */ = {isa = PBXFileReference; lastKnownFileType = sourcecode.swift; path = DocumentCell.swift; sourceTree = "<group>"; };
		32980A9E2A704122006F3EAF /* Document.swift */ = {isa = PBXFileReference; lastKnownFileType = sourcecode.swift; path = Document.swift; sourceTree = "<group>"; };
		329EA5F92AEAAEE40030F628 /* DocumentScannerViewModel.swift */ = {isa = PBXFileReference; lastKnownFileType = sourcecode.swift; path = DocumentScannerViewModel.swift; sourceTree = "<group>"; };
		329F3AF42A6671B200AE107D /* Info.plist */ = {isa = PBXFileReference; lastKnownFileType = text.plist.xml; path = Info.plist; sourceTree = "<group>"; };
		329F3AF52A6673CF00AE107D /* Launch Screen.storyboard */ = {isa = PBXFileReference; lastKnownFileType = file.storyboard; path = "Launch Screen.storyboard"; sourceTree = "<group>"; };
		32EC0C612AB65BD100BCBE6F /* PurchasesViewModel.swift */ = {isa = PBXFileReference; lastKnownFileType = sourcecode.swift; path = PurchasesViewModel.swift; sourceTree = "<group>"; };
		32FD8D792A6F8130004A1618 /* RecentFilesView.swift */ = {isa = PBXFileReference; lastKnownFileType = sourcecode.swift; path = RecentFilesView.swift; sourceTree = "<group>"; };
		32FD8D7D2A6F8199004A1618 /* RecentFilesViewModel.swift */ = {isa = PBXFileReference; lastKnownFileType = sourcecode.swift; path = RecentFilesViewModel.swift; sourceTree = "<group>"; };
		32FD8D7F2A6F894E004A1618 /* ShareView.swift */ = {isa = PBXFileReference; lastKnownFileType = sourcecode.swift; path = ShareView.swift; sourceTree = "<group>"; };
		32FD8D812A6F8960004A1618 /* MoreOptionsView.swift */ = {isa = PBXFileReference; lastKnownFileType = sourcecode.swift; path = MoreOptionsView.swift; sourceTree = "<group>"; };
		4892F0C4D9885958D24EED1E /* Pods_DocuPulse.framework */ = {isa = PBXFileReference; explicitFileType = wrapper.framework; includeInIndex = 0; path = Pods_DocuPulse.framework; sourceTree = BUILT_PRODUCTS_DIR; };
		BB0CE4122ACA3EB6002CE6E6 /* DocuPulse.storekit */ = {isa = PBXFileReference; lastKnownFileType = text; path = DocuPulse.storekit; sourceTree = "<group>"; };
		BB0CE4142ACBB133002CE6E6 /* UserDefaultsManager.swift */ = {isa = PBXFileReference; lastKnownFileType = sourcecode.swift; path = UserDefaultsManager.swift; sourceTree = "<group>"; };
		BB4866B32B2A820400FFE121 /* HomeViewModel.swift */ = {isa = PBXFileReference; lastKnownFileType = sourcecode.swift; path = HomeViewModel.swift; sourceTree = "<group>"; };
		BB7E4ED42A67139C0087BA91 /* OnboardingPage.swift */ = {isa = PBXFileReference; lastKnownFileType = sourcecode.swift; path = OnboardingPage.swift; sourceTree = "<group>"; };
		BB7E4EDA2A67254A0087BA91 /* OnboardingPageViewController.swift */ = {isa = PBXFileReference; lastKnownFileType = sourcecode.swift; path = OnboardingPageViewController.swift; sourceTree = "<group>"; };
		BB7E4EDC2A67282C0087BA91 /* OnboardingPageViewModel.swift */ = {isa = PBXFileReference; lastKnownFileType = sourcecode.swift; path = OnboardingPageViewModel.swift; sourceTree = "<group>"; };
		BB7E4EDF2A674CA40087BA91 /* MainTabView.swift */ = {isa = PBXFileReference; lastKnownFileType = sourcecode.swift; path = MainTabView.swift; sourceTree = "<group>"; };
		BB7E4EE42A674FB80087BA91 /* HomeView.swift */ = {isa = PBXFileReference; lastKnownFileType = sourcecode.swift; path = HomeView.swift; sourceTree = "<group>"; };
		BB7E76A62B140AAA00344190 /* AccountView.swift */ = {isa = PBXFileReference; lastKnownFileType = sourcecode.swift; path = AccountView.swift; sourceTree = "<group>"; };
		BB7E76A82B1682CD00344190 /* MainView.swift */ = {isa = PBXFileReference; lastKnownFileType = sourcecode.swift; path = MainView.swift; sourceTree = "<group>"; };
		BB7E76AA2B1A9A1800344190 /* ForgotPasswordView.swift */ = {isa = PBXFileReference; lastKnownFileType = sourcecode.swift; path = ForgotPasswordView.swift; sourceTree = "<group>"; };
		BB7E76AD2B21040200344190 /* DocumentMetadataView.swift */ = {isa = PBXFileReference; lastKnownFileType = sourcecode.swift; path = DocumentMetadataView.swift; sourceTree = "<group>"; };
		BB7E76AF2B2143C300344190 /* DocumentMetadataViewModel.swift */ = {isa = PBXFileReference; lastKnownFileType = sourcecode.swift; path = DocumentMetadataViewModel.swift; sourceTree = "<group>"; };
		BBCA3C562B058EC800044F95 /* RealmDBWrapper.swift */ = {isa = PBXFileReference; lastKnownFileType = sourcecode.swift; path = RealmDBWrapper.swift; sourceTree = "<group>"; };
		BBCA3C582B058F3D00044F95 /* FirestoreDBWrapper.swift */ = {isa = PBXFileReference; lastKnownFileType = sourcecode.swift; path = FirestoreDBWrapper.swift; sourceTree = "<group>"; };
		BBCA3C5C2B0AD51C00044F95 /* FirebaseStorageWrapper.swift */ = {isa = PBXFileReference; lastKnownFileType = sourcecode.swift; path = FirebaseStorageWrapper.swift; sourceTree = "<group>"; };
		BBCA3C5E2B0AEC7F00044F95 /* SignUpView.swift */ = {isa = PBXFileReference; lastKnownFileType = sourcecode.swift; path = SignUpView.swift; sourceTree = "<group>"; };
		BBCA3C602B0D403C00044F95 /* UnderlinedTextView.swift */ = {isa = PBXFileReference; lastKnownFileType = sourcecode.swift; path = UnderlinedTextView.swift; sourceTree = "<group>"; };
		BBCA3C642B0E9ECF00044F95 /* AuthenticationViewModel.swift */ = {isa = PBXFileReference; lastKnownFileType = sourcecode.swift; path = AuthenticationViewModel.swift; sourceTree = "<group>"; };
		BBCA3C662B129A2F00044F95 /* WelcomeView.swift */ = {isa = PBXFileReference; lastKnownFileType = sourcecode.swift; path = WelcomeView.swift; sourceTree = "<group>"; };
		BBCA3C682B12A0CE00044F95 /* AuthenticationThirdPartyButton.swift */ = {isa = PBXFileReference; lastKnownFileType = sourcecode.swift; path = AuthenticationThirdPartyButton.swift; sourceTree = "<group>"; };
		BBCA3C6C2B12F76900044F95 /* SignInView.swift */ = {isa = PBXFileReference; lastKnownFileType = sourcecode.swift; path = SignInView.swift; sourceTree = "<group>"; };
		BBD5AA102A8031BC00BBF85D /* SelectPaymentMethodView.swift */ = {isa = PBXFileReference; lastKnownFileType = sourcecode.swift; path = SelectPaymentMethodView.swift; sourceTree = "<group>"; };
		BBD5AA142A8AD10A00BBF85D /* SelectPaymentMethodViewModel.swift */ = {isa = PBXFileReference; lastKnownFileType = sourcecode.swift; path = SelectPaymentMethodViewModel.swift; sourceTree = "<group>"; };
		CD586C17CB657515B1C87934 /* Pods-DocuPulse.debug.xcconfig */ = {isa = PBXFileReference; includeInIndex = 1; lastKnownFileType = text.xcconfig; name = "Pods-DocuPulse.debug.xcconfig"; path = "Target Support Files/Pods-DocuPulse/Pods-DocuPulse.debug.xcconfig"; sourceTree = "<group>"; };
/* End PBXFileReference section */

/* Begin PBXFrameworksBuildPhase section */
		3298099B2A64DDF1008736BB /* Frameworks */ = {
			isa = PBXFrameworksBuildPhase;
			buildActionMask = 2147483647;
			files = (
				BBCA3C392B01A14C00044F95 /* FirebaseFunctions in Frameworks */,
				BBCA3C2F2B01A14C00044F95 /* FirebaseDatabaseSwift in Frameworks */,
				BBCA3C3F2B01A14C00044F95 /* FirebaseInAppMessagingSwift-Beta in Frameworks */,
				BBCA3C452B01A14C00044F95 /* FirebaseMessaging in Frameworks */,
				BBCA3C252B01A14C00044F95 /* FirebaseAppDistribution-Beta in Frameworks */,
				BBCA3C292B01A14C00044F95 /* FirebaseAuthCombine-Community in Frameworks */,
				BBCA3C352B01A14C00044F95 /* FirebaseFirestoreCombine-Community in Frameworks */,
				BBCA3C1F2B01A14C00044F95 /* FirebaseAnalyticsSwift in Frameworks */,
				BBCA3C432B01A14C00044F95 /* FirebaseMLModelDownloader in Frameworks */,
				BBCA3C522B058B1900044F95 /* Realm in Frameworks */,
				BBCA3C212B01A14C00044F95 /* FirebaseAnalyticsWithoutAdIdSupport in Frameworks */,
				BBCA3C1B2B01A14C00044F95 /* FirebaseAnalytics in Frameworks */,
				BBCA3C372B01A14C00044F95 /* FirebaseFirestoreSwift in Frameworks */,
				BBCA3C1D2B01A14C00044F95 /* FirebaseAnalyticsOnDeviceConversion in Frameworks */,
				BBCA3C232B01A14C00044F95 /* FirebaseAppCheck in Frameworks */,
				BBCA3C472B01A14C00044F95 /* FirebasePerformance in Frameworks */,
				BBCA3C3D2B01A14C00044F95 /* FirebaseInAppMessaging-Beta in Frameworks */,
				BBCA3C3B2B01A14C00044F95 /* FirebaseFunctionsCombine-Community in Frameworks */,
				BBCA3C542B058B1900044F95 /* RealmSwift in Frameworks */,
				BBCA3C2B2B01A14C00044F95 /* FirebaseCrashlytics in Frameworks */,
				BBCA3C412B01A14C00044F95 /* FirebaseInstallations in Frameworks */,
				BBCA3C492B01A14C00044F95 /* FirebaseRemoteConfig in Frameworks */,
				BBCA3C4D2B01A14C00044F95 /* FirebaseStorage in Frameworks */,
				BBCA3C2D2B01A14C00044F95 /* FirebaseDatabase in Frameworks */,
				BBCA3C4F2B01A14C00044F95 /* FirebaseStorageCombine-Community in Frameworks */,
				165EF5637B26B1BFD3E94464 /* Pods_DocuPulse.framework in Frameworks */,
				BBCA3C272B01A14C00044F95 /* FirebaseAuth in Frameworks */,
				BBCA3C312B01A14C00044F95 /* FirebaseDynamicLinks in Frameworks */,
				BBCA3C332B01A14C00044F95 /* FirebaseFirestore in Frameworks */,
				BBCA3C4B2B01A14C00044F95 /* FirebaseRemoteConfigSwift in Frameworks */,
			);
			runOnlyForDeploymentPostprocessing = 0;
		};
/* End PBXFrameworksBuildPhase section */

/* Begin PBXGroup section */
		32045C902AAE3CEE00C433DF /* Money */ = {
			isa = PBXGroup;
			children = (
				32045C912AAE3D0B00C433DF /* Purchases.swift */,
			);
			path = Money;
			sourceTree = "<group>";
		};
		32045C972AAEDE8700C433DF /* Controller */ = {
			isa = PBXGroup;
			children = (
				32045C982AAEDEC400C433DF /* PremiumPayWallViewController.swift */,
			);
			path = Controller;
			sourceTree = "<group>";
		};
		3245C7352AA6468500479CD8 /* Utilities */ = {
			isa = PBXGroup;
			children = (
			);
			path = Utilities;
			sourceTree = "<group>";
		};
		3245C7362AA6469E00479CD8 /* FileManager */ = {
			isa = PBXGroup;
			children = (
				3245C7372AA646B800479CD8 /* DocumentSaver.swift */,
			);
			path = FileManager;
			sourceTree = "<group>";
		};
		3245C7392AA658B100479CD8 /* AdMob */ = {
			isa = PBXGroup;
			children = (
				3245C7312AA4579700479CD8 /* AdBannerView.swift */,
				3245C73A2AA658EB00479CD8 /* FullScreenAd.swift */,
			);
			path = AdMob;
			sourceTree = "<group>";
		};
		329809952A64DDF1008736BB = {
			isa = PBXGroup;
			children = (
				329809A02A64DDF1008736BB /* DocuPulse */,
				3298099F2A64DDF1008736BB /* Products */,
				5EE84E95D9746F00423B8E59 /* Pods */,
				B55A08EB08B20A68681FA979 /* Frameworks */,
			);
			sourceTree = "<group>";
		};
		3298099F2A64DDF1008736BB /* Products */ = {
			isa = PBXGroup;
			children = (
				3298099E2A64DDF1008736BB /* DocuPulse.app */,
			);
			name = Products;
			sourceTree = "<group>";
		};
		329809A02A64DDF1008736BB /* DocuPulse */ = {
			isa = PBXGroup;
			children = (
				BBCA3C632B0E9EB300044F95 /* Authentication */,
				329F3AF42A6671B200AE107D /* Info.plist */,
				BBCA3C5A2B0AD4F500044F95 /* Persistence */,
				32045C902AAE3CEE00C433DF /* Money */,
				3245C7362AA6469E00479CD8 /* FileManager */,
				BB7E4ED02A6713270087BA91 /* Model */,
				32045C972AAEDE8700C433DF /* Controller */,
				BB7E4ED12A67132C0087BA91 /* View Model */,
				329809B22A65EDCC008736BB /* View */,
				3245C7352AA6468500479CD8 /* Utilities */,
				BB7E4ED32A6713390087BA91 /* Global */,
				329809A72A64DDF3008736BB /* Preview Content */,
				BB0CE4122ACA3EB6002CE6E6 /* DocuPulse.storekit */,
			);
			path = DocuPulse;
			sourceTree = "<group>";
		};
		329809A72A64DDF3008736BB /* Preview Content */ = {
			isa = PBXGroup;
			children = (
				329809A82A64DDF3008736BB /* Preview Assets.xcassets */,
			);
			path = "Preview Content";
			sourceTree = "<group>";
		};
		329809B22A65EDCC008736BB /* View */ = {
			isa = PBXGroup;
			children = (
				BB7E76A62B140AAA00344190 /* AccountView.swift */,
				3263D37A2A724F6B0045C857 /* DocumentScannerView.swift */,
				BB7E76AD2B21040200344190 /* DocumentMetadataView.swift */,
				3212FA0C2A73966B00289ECD /* FilesView.swift */,
				BB7E76AA2B1A9A1800344190 /* ForgotPasswordView.swift */,
				BB7E4EE42A674FB80087BA91 /* HomeView.swift */,
				BB7E4EDF2A674CA40087BA91 /* MainTabView.swift */,
				BB7E76A82B1682CD00344190 /* MainView.swift */,
				32FD8D812A6F8960004A1618 /* MoreOptionsView.swift */,
				329809B32A65EDE5008736BB /* OnboardingPageView.swift */,
				BB7E4EDA2A67254A0087BA91 /* OnboardingPageViewController.swift */,
				32045C932AAEBB0600C433DF /* PayWallView.swift */,
				32FD8D792A6F8130004A1618 /* RecentFilesView.swift */,
				BBD5AA102A8031BC00BBF85D /* SelectPaymentMethodView.swift */,
				32FD8D7F2A6F894E004A1618 /* ShareView.swift */,
				BBCA3C6C2B12F76900044F95 /* SignInView.swift */,
				BBCA3C5E2B0AEC7F00044F95 /* SignUpView.swift */,
				3212FA0E2A739EE500289ECD /* SubscriptionsView.swift */,
				BBCA3C662B129A2F00044F95 /* WelcomeView.swift */,
				3245C7392AA658B100479CD8 /* AdMob */,
				32980A9B2A70405E006F3EAF /* Components */,
				BB7E76AC2B1A9A3D00344190 /* Storyboards */,
			);
			path = View;
			sourceTree = "<group>";
		};
		32980A9B2A70405E006F3EAF /* Components */ = {
			isa = PBXGroup;
			children = (
				32980A9C2A70406D006F3EAF /* DocumentCell.swift */,
				3263D3762A70E3360045C857 /* DocumentOptionsCell.swift */,
				3263D3782A724CBB0045C857 /* HomeViewCell.swift */,
				3212FA102A739F6200289ECD /* SubscriptionCard.swift */,
				3212FA122A758B1500289ECD /* SubscriptionFeatureItem.swift */,
				BBCA3C602B0D403C00044F95 /* UnderlinedTextView.swift */,
				BBCA3C682B12A0CE00044F95 /* AuthenticationThirdPartyButton.swift */,
			);
			path = Components;
			sourceTree = "<group>";
		};
		5EE84E95D9746F00423B8E59 /* Pods */ = {
			isa = PBXGroup;
			children = (
				CD586C17CB657515B1C87934 /* Pods-DocuPulse.debug.xcconfig */,
				22E128841AC9552DFA533A72 /* Pods-DocuPulse.release.xcconfig */,
			);
			path = Pods;
			sourceTree = "<group>";
		};
		B55A08EB08B20A68681FA979 /* Frameworks */ = {
			isa = PBXGroup;
			children = (
				4892F0C4D9885958D24EED1E /* Pods_DocuPulse.framework */,
			);
			name = Frameworks;
			sourceTree = "<group>";
		};
		BB7E4ED02A6713270087BA91 /* Model */ = {
			isa = PBXGroup;
			children = (
				32980A9E2A704122006F3EAF /* Document.swift */,
				BB7E4ED42A67139C0087BA91 /* OnboardingPage.swift */,
				3212FA162A76F98600289ECD /* Subscription.swift */,
				3211211B2A8D279000320669 /* PaymentMethod.swift */,
				324E84752B10577B00F365C6 /* CurrentUser.swift */,
			);
			path = Model;
			sourceTree = "<group>";
		};
		BB7E4ED12A67132C0087BA91 /* View Model */ = {
			isa = PBXGroup;
			children = (
				BBCA3C642B0E9ECF00044F95 /* AuthenticationViewModel.swift */,
				BB7E4EDC2A67282C0087BA91 /* OnboardingPageViewModel.swift */,
				32FD8D7D2A6F8199004A1618 /* RecentFilesViewModel.swift */,
				3212FA142A76F5F400289ECD /* SubscriptionCardViewModel.swift */,
				BBD5AA142A8AD10A00BBF85D /* SelectPaymentMethodViewModel.swift */,
				32EC0C612AB65BD100BCBE6F /* PurchasesViewModel.swift */,
				329EA5F92AEAAEE40030F628 /* DocumentScannerViewModel.swift */,
				BB7E76AF2B2143C300344190 /* DocumentMetadataViewModel.swift */,
				BB4866B32B2A820400FFE121 /* HomeViewModel.swift */,
			);
			path = "View Model";
			sourceTree = "<group>";
		};
		BB7E4ED32A6713390087BA91 /* Global */ = {
			isa = PBXGroup;
			children = (
				325D8E412A7EB8010048C867 /* Colors.swift */,
				329809A12A64DDF1008736BB /* DocuPulseApp.swift */,
				329809A52A64DDF3008736BB /* Assets.xcassets */,
				329F3AF52A6673CF00AE107D /* Launch Screen.storyboard */,
			);
			path = Global;
			sourceTree = "<group>";
		};
		BB7E76AC2B1A9A3D00344190 /* Storyboards */ = {
			isa = PBXGroup;
			children = (
				32045C952AAEDE1300C433DF /* Main.storyboard */,
			);
			path = Storyboards;
			sourceTree = "<group>";
		};
		BBCA3C552B058EB700044F95 /* Database */ = {
			isa = PBXGroup;
			children = (
				BBCA3C562B058EC800044F95 /* RealmDBWrapper.swift */,
				BBCA3C582B058F3D00044F95 /* FirestoreDBWrapper.swift */,
			);
			path = Database;
			sourceTree = "<group>";
		};
		BBCA3C5A2B0AD4F500044F95 /* Persistence */ = {
			isa = PBXGroup;
			children = (
				BBCA3C622B0D477B00044F95 /* User Defaults */,
				BBCA3C5B2B0AD50B00044F95 /* Storage */,
				BBCA3C552B058EB700044F95 /* Database */,
			);
			path = Persistence;
			sourceTree = "<group>";
		};
		BBCA3C5B2B0AD50B00044F95 /* Storage */ = {
			isa = PBXGroup;
			children = (
				BBCA3C5C2B0AD51C00044F95 /* FirebaseStorageWrapper.swift */,
			);
			path = Storage;
			sourceTree = "<group>";
		};
		BBCA3C622B0D477B00044F95 /* User Defaults */ = {
			isa = PBXGroup;
			children = (
				BB0CE4142ACBB133002CE6E6 /* UserDefaultsManager.swift */,
			);
			path = "User Defaults";
			sourceTree = "<group>";
		};
		BBCA3C632B0E9EB300044F95 /* Authentication */ = {
			isa = PBXGroup;
			children = (
				324E84732B1016BC00F365C6 /* GoogleService-Info.plist */,
			);
			path = Authentication;
			sourceTree = "<group>";
		};
/* End PBXGroup section */

/* Begin PBXNativeTarget section */
		3298099D2A64DDF1008736BB /* DocuPulse */ = {
			isa = PBXNativeTarget;
			buildConfigurationList = 329809AC2A64DDF3008736BB /* Build configuration list for PBXNativeTarget "DocuPulse" */;
			buildPhases = (
				22B79019F3DD82F443D4A3E9 /* [CP] Check Pods Manifest.lock */,
				3298099A2A64DDF1008736BB /* Sources */,
				3298099B2A64DDF1008736BB /* Frameworks */,
				3298099C2A64DDF1008736BB /* Resources */,
				ACEAF1ABDC06319ADC457D88 /* [CP] Embed Pods Frameworks */,
				32045C8A2AA863DD00C433DF /* ShellScript */,
			);
			buildRules = (
			);
			dependencies = (
			);
			name = DocuPulse;
			packageProductDependencies = (
				BBCA3C1A2B01A14C00044F95 /* FirebaseAnalytics */,
				BBCA3C1C2B01A14C00044F95 /* FirebaseAnalyticsOnDeviceConversion */,
				BBCA3C1E2B01A14C00044F95 /* FirebaseAnalyticsSwift */,
				BBCA3C202B01A14C00044F95 /* FirebaseAnalyticsWithoutAdIdSupport */,
				BBCA3C222B01A14C00044F95 /* FirebaseAppCheck */,
				BBCA3C242B01A14C00044F95 /* FirebaseAppDistribution-Beta */,
				BBCA3C262B01A14C00044F95 /* FirebaseAuth */,
				BBCA3C282B01A14C00044F95 /* FirebaseAuthCombine-Community */,
				BBCA3C2A2B01A14C00044F95 /* FirebaseCrashlytics */,
				BBCA3C2C2B01A14C00044F95 /* FirebaseDatabase */,
				BBCA3C2E2B01A14C00044F95 /* FirebaseDatabaseSwift */,
				BBCA3C302B01A14C00044F95 /* FirebaseDynamicLinks */,
				BBCA3C322B01A14C00044F95 /* FirebaseFirestore */,
				BBCA3C342B01A14C00044F95 /* FirebaseFirestoreCombine-Community */,
				BBCA3C362B01A14C00044F95 /* FirebaseFirestoreSwift */,
				BBCA3C382B01A14C00044F95 /* FirebaseFunctions */,
				BBCA3C3A2B01A14C00044F95 /* FirebaseFunctionsCombine-Community */,
				BBCA3C3C2B01A14C00044F95 /* FirebaseInAppMessaging-Beta */,
				BBCA3C3E2B01A14C00044F95 /* FirebaseInAppMessagingSwift-Beta */,
				BBCA3C402B01A14C00044F95 /* FirebaseInstallations */,
				BBCA3C422B01A14C00044F95 /* FirebaseMLModelDownloader */,
				BBCA3C442B01A14C00044F95 /* FirebaseMessaging */,
				BBCA3C462B01A14C00044F95 /* FirebasePerformance */,
				BBCA3C482B01A14C00044F95 /* FirebaseRemoteConfig */,
				BBCA3C4A2B01A14C00044F95 /* FirebaseRemoteConfigSwift */,
				BBCA3C4C2B01A14C00044F95 /* FirebaseStorage */,
				BBCA3C4E2B01A14C00044F95 /* FirebaseStorageCombine-Community */,
				BBCA3C512B058B1900044F95 /* Realm */,
				BBCA3C532B058B1900044F95 /* RealmSwift */,
			);
			productName = DocuPulse;
			productReference = 3298099E2A64DDF1008736BB /* DocuPulse.app */;
			productType = "com.apple.product-type.application";
		};
/* End PBXNativeTarget section */

/* Begin PBXProject section */
		329809962A64DDF1008736BB /* Project object */ = {
			isa = PBXProject;
			attributes = {
				BuildIndependentTargetsInParallel = 1;
				LastSwiftUpdateCheck = 1430;
				LastUpgradeCheck = 1430;
				TargetAttributes = {
					3298099D2A64DDF1008736BB = {
						CreatedOnToolsVersion = 14.3.1;
					};
				};
			};
			buildConfigurationList = 329809992A64DDF1008736BB /* Build configuration list for PBXProject "DocuPulse" */;
			compatibilityVersion = "Xcode 14.0";
			developmentRegion = en;
			hasScannedForEncodings = 0;
			knownRegions = (
				en,
				Base,
			);
			mainGroup = 329809952A64DDF1008736BB;
			packageReferences = (
				BBCA3C192B01A14B00044F95 /* XCRemoteSwiftPackageReference "firebase-ios-sdk" */,
				BBCA3C502B058B1900044F95 /* XCRemoteSwiftPackageReference "realm-swift" */,
			);
			productRefGroup = 3298099F2A64DDF1008736BB /* Products */;
			projectDirPath = "";
			projectRoot = "";
			targets = (
				3298099D2A64DDF1008736BB /* DocuPulse */,
			);
		};
/* End PBXProject section */

/* Begin PBXResourcesBuildPhase section */
		3298099C2A64DDF1008736BB /* Resources */ = {
			isa = PBXResourcesBuildPhase;
			buildActionMask = 2147483647;
			files = (
				3257021F2A7EC37D00DD742F /* Preview Assets.xcassets in Resources */,
				32045C962AAEDE1300C433DF /* Main.storyboard in Resources */,
				BB0CE4132ACA3EB6002CE6E6 /* DocuPulse.storekit in Resources */,
				329F3AF62A6673CF00AE107D /* Launch Screen.storyboard in Resources */,
				329809A62A64DDF3008736BB /* Assets.xcassets in Resources */,
				324E84742B1016BC00F365C6 /* GoogleService-Info.plist in Resources */,
			);
			runOnlyForDeploymentPostprocessing = 0;
		};
/* End PBXResourcesBuildPhase section */

/* Begin PBXShellScriptBuildPhase section */
		22B79019F3DD82F443D4A3E9 /* [CP] Check Pods Manifest.lock */ = {
			isa = PBXShellScriptBuildPhase;
			buildActionMask = 2147483647;
			files = (
			);
			inputFileListPaths = (
			);
			inputPaths = (
				"${PODS_PODFILE_DIR_PATH}/Podfile.lock",
				"${PODS_ROOT}/Manifest.lock",
			);
			name = "[CP] Check Pods Manifest.lock";
			outputFileListPaths = (
			);
			outputPaths = (
				"$(DERIVED_FILE_DIR)/Pods-DocuPulse-checkManifestLockResult.txt",
			);
			runOnlyForDeploymentPostprocessing = 0;
			shellPath = /bin/sh;
			shellScript = "diff \"${PODS_PODFILE_DIR_PATH}/Podfile.lock\" \"${PODS_ROOT}/Manifest.lock\" > /dev/null\nif [ $? != 0 ] ; then\n    # print error to STDERR\n    echo \"error: The sandbox is not in sync with the Podfile.lock. Run 'pod install' or update your CocoaPods installation.\" >&2\n    exit 1\nfi\n# This output is used by Xcode 'outputs' to avoid re-running this script phase.\necho \"SUCCESS\" > \"${SCRIPT_OUTPUT_FILE_0}\"\n";
			showEnvVarsInLog = 0;
		};
		32045C8A2AA863DD00C433DF /* ShellScript */ = {
			isa = PBXShellScriptBuildPhase;
			buildActionMask = 2147483647;
			files = (
			);
			inputFileListPaths = (
			);
			inputPaths = (
				"$(SRCROOT)/newInputFile",
				"$(SRCROOT)/${DWARF_DSYM_FOLDER_PATH}/${DWARF_DSYM_FILE_NAME}",
				"$(SRCROOT)/${DWARF_DSYM_FOLDER_PATH}/${DWARF_DSYM_FILE_NAME}/Contents/Resources/DWARF/${PRODUCT_NAME}",
				"$(SRCROOT)/${DWARF_DSYM_FOLDER_PATH}/${DWARF_DSYM_FILE_NAME}/Contents/Info.plist",
				"$(SRCROOT)/$(BUILT_PRODUCTS_DIR)/$(UNLOCALIZED_RESOURCES_FOLDER_PATH)/GoogleService-Info.plist",
				"$(SRCROOT)/$(BUILT_PRODUCTS_DIR)/$(EXECUTABLE_PATH)",
			);
			outputFileListPaths = (
			);
			outputPaths = (
			);
			runOnlyForDeploymentPostprocessing = 0;
			shellPath = /bin/sh;
			shellScript = "\"${BUILD_DIR%/Build/*}/SourcePackages/checkouts/firebase-ios-sdk/Crashlytics/run\"\n";
		};
		ACEAF1ABDC06319ADC457D88 /* [CP] Embed Pods Frameworks */ = {
			isa = PBXShellScriptBuildPhase;
			buildActionMask = 2147483647;
			files = (
			);
			inputFileListPaths = (
				"${PODS_ROOT}/Target Support Files/Pods-DocuPulse/Pods-DocuPulse-frameworks-${CONFIGURATION}-input-files.xcfilelist",
			);
			name = "[CP] Embed Pods Frameworks";
			outputFileListPaths = (
				"${PODS_ROOT}/Target Support Files/Pods-DocuPulse/Pods-DocuPulse-frameworks-${CONFIGURATION}-output-files.xcfilelist",
			);
			runOnlyForDeploymentPostprocessing = 0;
			shellPath = /bin/sh;
			shellScript = "\"${PODS_ROOT}/Target Support Files/Pods-DocuPulse/Pods-DocuPulse-frameworks.sh\"\n";
			showEnvVarsInLog = 0;
		};
/* End PBXShellScriptBuildPhase section */

/* Begin PBXSourcesBuildPhase section */
		3298099A2A64DDF1008736BB /* Sources */ = {
			isa = PBXSourcesBuildPhase;
			buildActionMask = 2147483647;
			files = (
				BB7E4EDB2A67254A0087BA91 /* OnboardingPageViewController.swift in Sources */,
				BBCA3C672B129A3000044F95 /* WelcomeView.swift in Sources */,
				329EA5FA2AEAAEE40030F628 /* DocumentScannerViewModel.swift in Sources */,
				BB7E4ED52A67139C0087BA91 /* OnboardingPage.swift in Sources */,
				BB0CE4152ACBB133002CE6E6 /* UserDefaultsManager.swift in Sources */,
				BBCA3C592B058F3D00044F95 /* FirestoreDBWrapper.swift in Sources */,
				BB7E76A92B1682CD00344190 /* MainView.swift in Sources */,
				BBCA3C692B12A0CE00044F95 /* AuthenticationThirdPartyButton.swift in Sources */,
				3245C73B2AA658EB00479CD8 /* FullScreenAd.swift in Sources */,
				BB7E76AE2B21040300344190 /* DocumentMetadataView.swift in Sources */,
				BB7E76A72B140AAA00344190 /* AccountView.swift in Sources */,
				3212FA0F2A739EE500289ECD /* SubscriptionsView.swift in Sources */,
				BBCA3C6D2B12F76A00044F95 /* SignInView.swift in Sources */,
				3245C7382AA646B800479CD8 /* DocumentSaver.swift in Sources */,
				3212FA0D2A73966B00289ECD /* FilesView.swift in Sources */,
				3263D3792A724CBB0045C857 /* HomeViewCell.swift in Sources */,
				BB7E76B02B2143C300344190 /* DocumentMetadataViewModel.swift in Sources */,
				32FD8D802A6F894E004A1618 /* ShareView.swift in Sources */,
				3245C7322AA4579700479CD8 /* AdBannerView.swift in Sources */,
				BBCA3C5D2B0AD51C00044F95 /* FirebaseStorageWrapper.swift in Sources */,
				32045C992AAEDEC400C433DF /* PremiumPayWallViewController.swift in Sources */,
				329809B42A65EDE5008736BB /* OnboardingPageView.swift in Sources */,
				BB7E4EE02A674CA40087BA91 /* MainTabView.swift in Sources */,
				BB7E4EE52A674FB80087BA91 /* HomeView.swift in Sources */,
				32FD8D822A6F8960004A1618 /* MoreOptionsView.swift in Sources */,
				BBD5AA152A8AD10A00BBF85D /* SelectPaymentMethodViewModel.swift in Sources */,
				BBCA3C652B0E9ECF00044F95 /* AuthenticationViewModel.swift in Sources */,
				324E84762B10577B00F365C6 /* CurrentUser.swift in Sources */,
				BBD5AA112A8031BC00BBF85D /* SelectPaymentMethodView.swift in Sources */,
				3212FA172A76F98600289ECD /* Subscription.swift in Sources */,
				BBCA3C612B0D403C00044F95 /* UnderlinedTextView.swift in Sources */,
				BBCA3C572B058EC800044F95 /* RealmDBWrapper.swift in Sources */,
				3263D37B2A724F6B0045C857 /* DocumentScannerView.swift in Sources */,
				3263D3772A70E3360045C857 /* DocumentOptionsCell.swift in Sources */,
				BB4866B42B2A820400FFE121 /* HomeViewModel.swift in Sources */,
				325D8E422A7EB8010048C867 /* Colors.swift in Sources */,
				3212FA132A758B1500289ECD /* SubscriptionFeatureItem.swift in Sources */,
				BB7E76AB2B1A9A1800344190 /* ForgotPasswordView.swift in Sources */,
				32FD8D7E2A6F8199004A1618 /* RecentFilesViewModel.swift in Sources */,
				BB7E4EDD2A67282C0087BA91 /* OnboardingPageViewModel.swift in Sources */,
				32980A9F2A704122006F3EAF /* Document.swift in Sources */,
				329809A22A64DDF1008736BB /* DocuPulseApp.swift in Sources */,
				3212FA152A76F5F400289ECD /* SubscriptionCardViewModel.swift in Sources */,
				3212FA112A739F6200289ECD /* SubscriptionCard.swift in Sources */,
				32045C922AAE3D0B00C433DF /* Purchases.swift in Sources */,
				32980A9D2A70406D006F3EAF /* DocumentCell.swift in Sources */,
				BBCA3C5F2B0AEC7F00044F95 /* SignUpView.swift in Sources */,
				32FD8D7A2A6F8130004A1618 /* RecentFilesView.swift in Sources */,
				32EC0C622AB65BD100BCBE6F /* PurchasesViewModel.swift in Sources */,
				32045C942AAEBB0600C433DF /* PayWallView.swift in Sources */,
				3211211C2A8D279000320669 /* PaymentMethod.swift in Sources */,
			);
			runOnlyForDeploymentPostprocessing = 0;
		};
/* End PBXSourcesBuildPhase section */

/* Begin XCBuildConfiguration section */
		329809AA2A64DDF3008736BB /* Debug */ = {
			isa = XCBuildConfiguration;
			buildSettings = {
				ALWAYS_SEARCH_USER_PATHS = NO;
				CLANG_ANALYZER_NONNULL = YES;
				CLANG_ANALYZER_NUMBER_OBJECT_CONVERSION = YES_AGGRESSIVE;
				CLANG_CXX_LANGUAGE_STANDARD = "gnu++20";
				CLANG_ENABLE_MODULES = YES;
				CLANG_ENABLE_OBJC_ARC = YES;
				CLANG_ENABLE_OBJC_WEAK = YES;
				CLANG_WARN_BLOCK_CAPTURE_AUTORELEASING = YES;
				CLANG_WARN_BOOL_CONVERSION = YES;
				CLANG_WARN_COMMA = YES;
				CLANG_WARN_CONSTANT_CONVERSION = YES;
				CLANG_WARN_DEPRECATED_OBJC_IMPLEMENTATIONS = YES;
				CLANG_WARN_DIRECT_OBJC_ISA_USAGE = YES_ERROR;
				CLANG_WARN_DOCUMENTATION_COMMENTS = YES;
				CLANG_WARN_EMPTY_BODY = YES;
				CLANG_WARN_ENUM_CONVERSION = YES;
				CLANG_WARN_INFINITE_RECURSION = YES;
				CLANG_WARN_INT_CONVERSION = YES;
				CLANG_WARN_NON_LITERAL_NULL_CONVERSION = YES;
				CLANG_WARN_OBJC_IMPLICIT_RETAIN_SELF = YES;
				CLANG_WARN_OBJC_LITERAL_CONVERSION = YES;
				CLANG_WARN_OBJC_ROOT_CLASS = YES_ERROR;
				CLANG_WARN_QUOTED_INCLUDE_IN_FRAMEWORK_HEADER = YES;
				CLANG_WARN_RANGE_LOOP_ANALYSIS = YES;
				CLANG_WARN_STRICT_PROTOTYPES = YES;
				CLANG_WARN_SUSPICIOUS_MOVE = YES;
				CLANG_WARN_UNGUARDED_AVAILABILITY = YES_AGGRESSIVE;
				CLANG_WARN_UNREACHABLE_CODE = YES;
				CLANG_WARN__DUPLICATE_METHOD_MATCH = YES;
				COPY_PHASE_STRIP = NO;
				DEBUG_INFORMATION_FORMAT = dwarf;
				ENABLE_STRICT_OBJC_MSGSEND = YES;
				ENABLE_TESTABILITY = YES;
				GCC_C_LANGUAGE_STANDARD = gnu11;
				GCC_DYNAMIC_NO_PIC = NO;
				GCC_NO_COMMON_BLOCKS = YES;
				GCC_OPTIMIZATION_LEVEL = 0;
				GCC_PREPROCESSOR_DEFINITIONS = (
					"DEBUG=1",
					"$(inherited)",
				);
				GCC_WARN_64_TO_32_BIT_CONVERSION = YES;
				GCC_WARN_ABOUT_RETURN_TYPE = YES_ERROR;
				GCC_WARN_UNDECLARED_SELECTOR = YES;
				GCC_WARN_UNINITIALIZED_AUTOS = YES_AGGRESSIVE;
				GCC_WARN_UNUSED_FUNCTION = YES;
				GCC_WARN_UNUSED_VARIABLE = YES;
				IPHONEOS_DEPLOYMENT_TARGET = 16.4;
				MTL_ENABLE_DEBUG_INFO = INCLUDE_SOURCE;
				MTL_FAST_MATH = YES;
				ONLY_ACTIVE_ARCH = YES;
				SDKROOT = iphoneos;
				SWIFT_ACTIVE_COMPILATION_CONDITIONS = DEBUG;
				SWIFT_OPTIMIZATION_LEVEL = "-Onone";
			};
			name = Debug;
		};
		329809AB2A64DDF3008736BB /* Release */ = {
			isa = XCBuildConfiguration;
			buildSettings = {
				ALWAYS_SEARCH_USER_PATHS = NO;
				CLANG_ANALYZER_NONNULL = YES;
				CLANG_ANALYZER_NUMBER_OBJECT_CONVERSION = YES_AGGRESSIVE;
				CLANG_CXX_LANGUAGE_STANDARD = "gnu++20";
				CLANG_ENABLE_MODULES = YES;
				CLANG_ENABLE_OBJC_ARC = YES;
				CLANG_ENABLE_OBJC_WEAK = YES;
				CLANG_WARN_BLOCK_CAPTURE_AUTORELEASING = YES;
				CLANG_WARN_BOOL_CONVERSION = YES;
				CLANG_WARN_COMMA = YES;
				CLANG_WARN_CONSTANT_CONVERSION = YES;
				CLANG_WARN_DEPRECATED_OBJC_IMPLEMENTATIONS = YES;
				CLANG_WARN_DIRECT_OBJC_ISA_USAGE = YES_ERROR;
				CLANG_WARN_DOCUMENTATION_COMMENTS = YES;
				CLANG_WARN_EMPTY_BODY = YES;
				CLANG_WARN_ENUM_CONVERSION = YES;
				CLANG_WARN_INFINITE_RECURSION = YES;
				CLANG_WARN_INT_CONVERSION = YES;
				CLANG_WARN_NON_LITERAL_NULL_CONVERSION = YES;
				CLANG_WARN_OBJC_IMPLICIT_RETAIN_SELF = YES;
				CLANG_WARN_OBJC_LITERAL_CONVERSION = YES;
				CLANG_WARN_OBJC_ROOT_CLASS = YES_ERROR;
				CLANG_WARN_QUOTED_INCLUDE_IN_FRAMEWORK_HEADER = YES;
				CLANG_WARN_RANGE_LOOP_ANALYSIS = YES;
				CLANG_WARN_STRICT_PROTOTYPES = YES;
				CLANG_WARN_SUSPICIOUS_MOVE = YES;
				CLANG_WARN_UNGUARDED_AVAILABILITY = YES_AGGRESSIVE;
				CLANG_WARN_UNREACHABLE_CODE = YES;
				CLANG_WARN__DUPLICATE_METHOD_MATCH = YES;
				COPY_PHASE_STRIP = NO;
				DEBUG_INFORMATION_FORMAT = "dwarf-with-dsym";
				ENABLE_NS_ASSERTIONS = NO;
				ENABLE_STRICT_OBJC_MSGSEND = YES;
				GCC_C_LANGUAGE_STANDARD = gnu11;
				GCC_NO_COMMON_BLOCKS = YES;
				GCC_WARN_64_TO_32_BIT_CONVERSION = YES;
				GCC_WARN_ABOUT_RETURN_TYPE = YES_ERROR;
				GCC_WARN_UNDECLARED_SELECTOR = YES;
				GCC_WARN_UNINITIALIZED_AUTOS = YES_AGGRESSIVE;
				GCC_WARN_UNUSED_FUNCTION = YES;
				GCC_WARN_UNUSED_VARIABLE = YES;
				IPHONEOS_DEPLOYMENT_TARGET = 16.4;
				MTL_ENABLE_DEBUG_INFO = NO;
				MTL_FAST_MATH = YES;
				SDKROOT = iphoneos;
				SWIFT_COMPILATION_MODE = wholemodule;
				SWIFT_OPTIMIZATION_LEVEL = "-O";
				VALIDATE_PRODUCT = YES;
			};
			name = Release;
		};
		329809AD2A64DDF3008736BB /* Debug */ = {
			isa = XCBuildConfiguration;
			baseConfigurationReference = CD586C17CB657515B1C87934 /* Pods-DocuPulse.debug.xcconfig */;
			buildSettings = {
				ASSETCATALOG_COMPILER_APPICON_NAME = AppIcon;
				ASSETCATALOG_COMPILER_GLOBAL_ACCENT_COLOR_NAME = AccentColor;
				CODE_SIGN_IDENTITY = "Apple Development";
				CODE_SIGN_STYLE = Automatic;
				CURRENT_PROJECT_VERSION = 1;
				DEBUG_INFORMATION_FORMAT = "dwarf-with-dsym";
				DEVELOPMENT_ASSET_PATHS = "\"DocuPulse/Preview Content\"";
				DEVELOPMENT_TEAM = AZLMR7ABL4;
				ENABLE_PREVIEWS = YES;
				GENERATE_INFOPLIST_FILE = YES;
				INFOPLIST_FILE = DocuPulse/Info.plist;
				INFOPLIST_KEY_NSCameraUsageDescription = "DocuPulse is requesting permissino to access camera.";
				INFOPLIST_KEY_UIApplicationSceneManifest_Generation = YES;
				INFOPLIST_KEY_UIApplicationSupportsIndirectInputEvents = YES;
				INFOPLIST_KEY_UILaunchStoryboardName = "Launch Screen.storyboard";
				INFOPLIST_KEY_UISupportedInterfaceOrientations = UIInterfaceOrientationPortrait;
				INFOPLIST_KEY_UISupportedInterfaceOrientations_iPad = "UIInterfaceOrientationLandscapeLeft UIInterfaceOrientationLandscapeRight UIInterfaceOrientationPortrait UIInterfaceOrientationPortraitUpsideDown";
				IPHONEOS_DEPLOYMENT_TARGET = 16.0;
				LD_RUNPATH_SEARCH_PATHS = (
					"$(inherited)",
					"@executable_path/Frameworks",
				);
				MARKETING_VERSION = 1.0;
				PRODUCT_BUNDLE_IDENTIFIER = com.oakmontblue.docupulse;
				PRODUCT_NAME = "$(TARGET_NAME)";
				PROVISIONING_PROFILE_SPECIFIER = "";
				SWIFT_EMIT_LOC_STRINGS = YES;
				SWIFT_VERSION = 5.0;
				TARGETED_DEVICE_FAMILY = "1,2";
			};
			name = Debug;
		};
		329809AE2A64DDF3008736BB /* Release */ = {
			isa = XCBuildConfiguration;
			baseConfigurationReference = 22E128841AC9552DFA533A72 /* Pods-DocuPulse.release.xcconfig */;
			buildSettings = {
				ASSETCATALOG_COMPILER_APPICON_NAME = AppIcon;
				ASSETCATALOG_COMPILER_GLOBAL_ACCENT_COLOR_NAME = AccentColor;
				CODE_SIGN_IDENTITY = "Apple Development";
				CODE_SIGN_STYLE = Automatic;
				CURRENT_PROJECT_VERSION = 1;
				DEVELOPMENT_ASSET_PATHS = "\"DocuPulse/Preview Content\"";
				DEVELOPMENT_TEAM = AZLMR7ABL4;
				ENABLE_PREVIEWS = YES;
				GENERATE_INFOPLIST_FILE = YES;
				INFOPLIST_FILE = DocuPulse/Info.plist;
				INFOPLIST_KEY_NSCameraUsageDescription = "DocuPulse is requesting permissino to access camera.";
				INFOPLIST_KEY_UIApplicationSceneManifest_Generation = YES;
				INFOPLIST_KEY_UIApplicationSupportsIndirectInputEvents = YES;
				INFOPLIST_KEY_UILaunchStoryboardName = "Launch Screen.storyboard";
				INFOPLIST_KEY_UISupportedInterfaceOrientations = UIInterfaceOrientationPortrait;
				INFOPLIST_KEY_UISupportedInterfaceOrientations_iPad = "UIInterfaceOrientationLandscapeLeft UIInterfaceOrientationLandscapeRight UIInterfaceOrientationPortrait UIInterfaceOrientationPortraitUpsideDown";
				IPHONEOS_DEPLOYMENT_TARGET = 16.0;
				LD_RUNPATH_SEARCH_PATHS = (
					"$(inherited)",
					"@executable_path/Frameworks",
				);
				MARKETING_VERSION = 1.0;
				PRODUCT_BUNDLE_IDENTIFIER = com.oakmontblue.docupulse;
				PRODUCT_NAME = "$(TARGET_NAME)";
				PROVISIONING_PROFILE_SPECIFIER = "";
				SWIFT_EMIT_LOC_STRINGS = YES;
				SWIFT_VERSION = 5.0;
				TARGETED_DEVICE_FAMILY = "1,2";
			};
			name = Release;
		};
/* End XCBuildConfiguration section */

/* Begin XCConfigurationList section */
		329809992A64DDF1008736BB /* Build configuration list for PBXProject "DocuPulse" */ = {
			isa = XCConfigurationList;
			buildConfigurations = (
				329809AA2A64DDF3008736BB /* Debug */,
				329809AB2A64DDF3008736BB /* Release */,
			);
			defaultConfigurationIsVisible = 0;
			defaultConfigurationName = Release;
		};
		329809AC2A64DDF3008736BB /* Build configuration list for PBXNativeTarget "DocuPulse" */ = {
			isa = XCConfigurationList;
			buildConfigurations = (
				329809AD2A64DDF3008736BB /* Debug */,
				329809AE2A64DDF3008736BB /* Release */,
			);
			defaultConfigurationIsVisible = 0;
			defaultConfigurationName = Release;
		};
/* End XCConfigurationList section */

/* Begin XCRemoteSwiftPackageReference section */
		BBCA3C192B01A14B00044F95 /* XCRemoteSwiftPackageReference "firebase-ios-sdk" */ = {
			isa = XCRemoteSwiftPackageReference;
			repositoryURL = "https://github.com/firebase/firebase-ios-sdk";
			requirement = {
				kind = upToNextMajorVersion;
				minimumVersion = 10.0.0;
			};
		};
		BBCA3C502B058B1900044F95 /* XCRemoteSwiftPackageReference "realm-swift" */ = {
			isa = XCRemoteSwiftPackageReference;
			repositoryURL = "https://github.com/realm/realm-swift.git";
			requirement = {
				branch = master;
				kind = branch;
			};
		};
/* End XCRemoteSwiftPackageReference section */

/* Begin XCSwiftPackageProductDependency section */
		BBCA3C1A2B01A14C00044F95 /* FirebaseAnalytics */ = {
			isa = XCSwiftPackageProductDependency;
			package = BBCA3C192B01A14B00044F95 /* XCRemoteSwiftPackageReference "firebase-ios-sdk" */;
			productName = FirebaseAnalytics;
		};
		BBCA3C1C2B01A14C00044F95 /* FirebaseAnalyticsOnDeviceConversion */ = {
			isa = XCSwiftPackageProductDependency;
			package = BBCA3C192B01A14B00044F95 /* XCRemoteSwiftPackageReference "firebase-ios-sdk" */;
			productName = FirebaseAnalyticsOnDeviceConversion;
		};
		BBCA3C1E2B01A14C00044F95 /* FirebaseAnalyticsSwift */ = {
			isa = XCSwiftPackageProductDependency;
			package = BBCA3C192B01A14B00044F95 /* XCRemoteSwiftPackageReference "firebase-ios-sdk" */;
			productName = FirebaseAnalyticsSwift;
		};
		BBCA3C202B01A14C00044F95 /* FirebaseAnalyticsWithoutAdIdSupport */ = {
			isa = XCSwiftPackageProductDependency;
			package = BBCA3C192B01A14B00044F95 /* XCRemoteSwiftPackageReference "firebase-ios-sdk" */;
			productName = FirebaseAnalyticsWithoutAdIdSupport;
		};
		BBCA3C222B01A14C00044F95 /* FirebaseAppCheck */ = {
			isa = XCSwiftPackageProductDependency;
			package = BBCA3C192B01A14B00044F95 /* XCRemoteSwiftPackageReference "firebase-ios-sdk" */;
			productName = FirebaseAppCheck;
		};
		BBCA3C242B01A14C00044F95 /* FirebaseAppDistribution-Beta */ = {
			isa = XCSwiftPackageProductDependency;
			package = BBCA3C192B01A14B00044F95 /* XCRemoteSwiftPackageReference "firebase-ios-sdk" */;
			productName = "FirebaseAppDistribution-Beta";
		};
		BBCA3C262B01A14C00044F95 /* FirebaseAuth */ = {
			isa = XCSwiftPackageProductDependency;
			package = BBCA3C192B01A14B00044F95 /* XCRemoteSwiftPackageReference "firebase-ios-sdk" */;
			productName = FirebaseAuth;
		};
		BBCA3C282B01A14C00044F95 /* FirebaseAuthCombine-Community */ = {
			isa = XCSwiftPackageProductDependency;
			package = BBCA3C192B01A14B00044F95 /* XCRemoteSwiftPackageReference "firebase-ios-sdk" */;
			productName = "FirebaseAuthCombine-Community";
		};
		BBCA3C2A2B01A14C00044F95 /* FirebaseCrashlytics */ = {
			isa = XCSwiftPackageProductDependency;
			package = BBCA3C192B01A14B00044F95 /* XCRemoteSwiftPackageReference "firebase-ios-sdk" */;
			productName = FirebaseCrashlytics;
		};
		BBCA3C2C2B01A14C00044F95 /* FirebaseDatabase */ = {
			isa = XCSwiftPackageProductDependency;
			package = BBCA3C192B01A14B00044F95 /* XCRemoteSwiftPackageReference "firebase-ios-sdk" */;
			productName = FirebaseDatabase;
		};
		BBCA3C2E2B01A14C00044F95 /* FirebaseDatabaseSwift */ = {
			isa = XCSwiftPackageProductDependency;
			package = BBCA3C192B01A14B00044F95 /* XCRemoteSwiftPackageReference "firebase-ios-sdk" */;
			productName = FirebaseDatabaseSwift;
		};
		BBCA3C302B01A14C00044F95 /* FirebaseDynamicLinks */ = {
			isa = XCSwiftPackageProductDependency;
			package = BBCA3C192B01A14B00044F95 /* XCRemoteSwiftPackageReference "firebase-ios-sdk" */;
			productName = FirebaseDynamicLinks;
		};
		BBCA3C322B01A14C00044F95 /* FirebaseFirestore */ = {
			isa = XCSwiftPackageProductDependency;
			package = BBCA3C192B01A14B00044F95 /* XCRemoteSwiftPackageReference "firebase-ios-sdk" */;
			productName = FirebaseFirestore;
		};
		BBCA3C342B01A14C00044F95 /* FirebaseFirestoreCombine-Community */ = {
			isa = XCSwiftPackageProductDependency;
			package = BBCA3C192B01A14B00044F95 /* XCRemoteSwiftPackageReference "firebase-ios-sdk" */;
			productName = "FirebaseFirestoreCombine-Community";
		};
		BBCA3C362B01A14C00044F95 /* FirebaseFirestoreSwift */ = {
			isa = XCSwiftPackageProductDependency;
			package = BBCA3C192B01A14B00044F95 /* XCRemoteSwiftPackageReference "firebase-ios-sdk" */;
			productName = FirebaseFirestoreSwift;
		};
		BBCA3C382B01A14C00044F95 /* FirebaseFunctions */ = {
			isa = XCSwiftPackageProductDependency;
			package = BBCA3C192B01A14B00044F95 /* XCRemoteSwiftPackageReference "firebase-ios-sdk" */;
			productName = FirebaseFunctions;
		};
		BBCA3C3A2B01A14C00044F95 /* FirebaseFunctionsCombine-Community */ = {
			isa = XCSwiftPackageProductDependency;
			package = BBCA3C192B01A14B00044F95 /* XCRemoteSwiftPackageReference "firebase-ios-sdk" */;
			productName = "FirebaseFunctionsCombine-Community";
		};
		BBCA3C3C2B01A14C00044F95 /* FirebaseInAppMessaging-Beta */ = {
			isa = XCSwiftPackageProductDependency;
			package = BBCA3C192B01A14B00044F95 /* XCRemoteSwiftPackageReference "firebase-ios-sdk" */;
			productName = "FirebaseInAppMessaging-Beta";
		};
		BBCA3C3E2B01A14C00044F95 /* FirebaseInAppMessagingSwift-Beta */ = {
			isa = XCSwiftPackageProductDependency;
			package = BBCA3C192B01A14B00044F95 /* XCRemoteSwiftPackageReference "firebase-ios-sdk" */;
			productName = "FirebaseInAppMessagingSwift-Beta";
		};
		BBCA3C402B01A14C00044F95 /* FirebaseInstallations */ = {
			isa = XCSwiftPackageProductDependency;
			package = BBCA3C192B01A14B00044F95 /* XCRemoteSwiftPackageReference "firebase-ios-sdk" */;
			productName = FirebaseInstallations;
		};
		BBCA3C422B01A14C00044F95 /* FirebaseMLModelDownloader */ = {
			isa = XCSwiftPackageProductDependency;
			package = BBCA3C192B01A14B00044F95 /* XCRemoteSwiftPackageReference "firebase-ios-sdk" */;
			productName = FirebaseMLModelDownloader;
		};
		BBCA3C442B01A14C00044F95 /* FirebaseMessaging */ = {
			isa = XCSwiftPackageProductDependency;
			package = BBCA3C192B01A14B00044F95 /* XCRemoteSwiftPackageReference "firebase-ios-sdk" */;
			productName = FirebaseMessaging;
		};
		BBCA3C462B01A14C00044F95 /* FirebasePerformance */ = {
			isa = XCSwiftPackageProductDependency;
			package = BBCA3C192B01A14B00044F95 /* XCRemoteSwiftPackageReference "firebase-ios-sdk" */;
			productName = FirebasePerformance;
		};
		BBCA3C482B01A14C00044F95 /* FirebaseRemoteConfig */ = {
			isa = XCSwiftPackageProductDependency;
			package = BBCA3C192B01A14B00044F95 /* XCRemoteSwiftPackageReference "firebase-ios-sdk" */;
			productName = FirebaseRemoteConfig;
		};
		BBCA3C4A2B01A14C00044F95 /* FirebaseRemoteConfigSwift */ = {
			isa = XCSwiftPackageProductDependency;
			package = BBCA3C192B01A14B00044F95 /* XCRemoteSwiftPackageReference "firebase-ios-sdk" */;
			productName = FirebaseRemoteConfigSwift;
		};
		BBCA3C4C2B01A14C00044F95 /* FirebaseStorage */ = {
			isa = XCSwiftPackageProductDependency;
			package = BBCA3C192B01A14B00044F95 /* XCRemoteSwiftPackageReference "firebase-ios-sdk" */;
			productName = FirebaseStorage;
		};
		BBCA3C4E2B01A14C00044F95 /* FirebaseStorageCombine-Community */ = {
			isa = XCSwiftPackageProductDependency;
			package = BBCA3C192B01A14B00044F95 /* XCRemoteSwiftPackageReference "firebase-ios-sdk" */;
			productName = "FirebaseStorageCombine-Community";
		};
		BBCA3C512B058B1900044F95 /* Realm */ = {
			isa = XCSwiftPackageProductDependency;
			package = BBCA3C502B058B1900044F95 /* XCRemoteSwiftPackageReference "realm-swift" */;
			productName = Realm;
		};
		BBCA3C532B058B1900044F95 /* RealmSwift */ = {
			isa = XCSwiftPackageProductDependency;
			package = BBCA3C502B058B1900044F95 /* XCRemoteSwiftPackageReference "realm-swift" */;
			productName = RealmSwift;
		};
/* End XCSwiftPackageProductDependency section */
	};
	rootObject = 329809962A64DDF1008736BB /* Project object */;
}
